
Microsoft Visual Studio Solution File, Format Version 12.00
# Visual Studio Version 17
VisualStudioVersion = 17.7.34202.233
MinimumVisualStudioVersion = 10.0.40219.1
Project("{FAE04EC0-301F-11D3-BF4B-00C04F79EFBC}") = "CalculadoraMVVM_SAEG.Android", "CalculadoraMVVM_SAEG\CalculadoraMVVM_SAEG.Android\CalculadoraMVVM_SAEG.Android.csproj", "{C1DCD4FD-C60A-4831-8AD5-AE4416FCE770}"
EndProject
Project("{FAE04EC0-301F-11D3-BF4B-00C04F79EFBC}") = "CalculadoraMVVM_SAEG.iOS", "CalculadoraMVVM_SAEG\CalculadoraMVVM_SAEG.iOS\CalculadoraMVVM_SAEG.iOS.csproj", "{B53D30D4-14F9-4CB5-A5B3-41AEAD067B0B}"
EndProject
Project("{FAE04EC0-301F-11D3-BF4B-00C04F79EFBC}") = "CalculadoraMVVM_SAEG", "CalculadoraMVVM_SAEG\CalculadoraMVVM_SAEG\CalculadoraMVVM_SAEG.csproj", "{9F316997-55C3-48D3-BE71-042723B8E848}"
EndProject
Global
	GlobalSection(SolutionConfigurationPlatforms) = preSolution
		Debug|Any CPU = Debug|Any CPU
		Debug|iPhone = Debug|iPhone
		Debug|iPhoneSimulator = Debug|iPhoneSimulator
		Release|Any CPU = Release|Any CPU
		Release|iPhone = Release|iPhone
		Release|iPhoneSimulator = Release|iPhoneSimulator
	EndGlobalSection
	GlobalSection(ProjectConfigurationPlatforms) = postSolution
		{C1DCD4FD-C60A-4831-8AD5-AE4416FCE770}.Debug|Any CPU.ActiveCfg = Debug|Any CPU
		{C1DCD4FD-C60A-4831-8AD5-AE4416FCE770}.Debug|Any CPU.Build.0 = Debug|Any CPU
		{C1DCD4FD-C60A-4831-8AD5-AE4416FCE770}.Debug|Any CPU.Deploy.0 = Debug|Any CPU
		{C1DCD4FD-C60A-4831-8AD5-AE4416FCE770}.Debug|iPhone.ActiveCfg = Debug|Any CPU
		{C1DCD4FD-C60A-4831-8AD5-AE4416FCE770}.Debug|iPhone.Build.0 = Debug|Any CPU
		{C1DCD4FD-C60A-4831-8AD5-AE4416FCE770}.Debug|iPhone.Deploy.0 = Debug|Any CPU
		{C1DCD4FD-C60A-4831-8AD5-AE4416FCE770}.Debug|iPhoneSimulator.ActiveCfg = Debug|Any CPU
		{C1DCD4FD-C60A-4831-8AD5-AE4416FCE770}.Debug|iPhoneSimulator.Build.0 = Debug|Any CPU
		{C1DCD4FD-C60A-4831-8AD5-AE4416FCE770}.Debug|iPhoneSimulator.Deploy.0 = Debug|Any CPU
		{C1DCD4FD-C60A-4831-8AD5-AE4416FCE770}.Release|Any CPU.ActiveCfg = Release|Any CPU
		{C1DCD4FD-C60A-4831-8AD5-AE4416FCE770}.Release|Any CPU.Build.0 = Release|Any CPU
		{C1DCD4FD-C60A-4831-8AD5-AE4416FCE770}.Release|Any CPU.Deploy.0 = Release|Any CPU
		{C1DCD4FD-C60A-4831-8AD5-AE4416FCE770}.Release|iPhone.ActiveCfg = Release|Any CPU
		{C1DCD4FD-C60A-4831-8AD5-AE4416FCE770}.Release|iPhone.Build.0 = Release|Any CPU
		{C1DCD4FD-C60A-4831-8AD5-AE4416FCE770}.Release|iPhone.Deploy.0 = Release|Any CPU
		{C1DCD4FD-C60A-4831-8AD5-AE4416FCE770}.Release|iPhoneSimulator.ActiveCfg = Release|Any CPU
		{C1DCD4FD-C60A-4831-8AD5-AE4416FCE770}.Release|iPhoneSimulator.Build.0 = Release|Any CPU
		{C1DCD4FD-C60A-4831-8AD5-AE4416FCE770}.Release|iPhoneSimulator.Deploy.0 = Release|Any CPU
		{B53D30D4-14F9-4CB5-A5B3-41AEAD067B0B}.Debug|Any CPU.ActiveCfg = Debug|iPhone
		{B53D30D4-14F9-4CB5-A5B3-41AEAD067B0B}.Debug|Any CPU.Build.0 = Debug|iPhone
		{B53D30D4-14F9-4CB5-A5B3-41AEAD067B0B}.Debug|Any CPU.Deploy.0 = Debug|iPhone
		{B53D30D4-14F9-4CB5-A5B3-41AEAD067B0B}.Debug|iPhone.ActiveCfg = Debug|iPhone
		{B53D30D4-14F9-4CB5-A5B3-41AEAD067B0B}.Debug|iPhone.Build.0 = Debug|iPhone
		{B53D30D4-14F9-4CB5-A5B3-41AEAD067B0B}.Debug|iPhone.Deploy.0 = Debug|iPhone
		{B53D30D4-14F9-4CB5-A5B3-41AEAD067B0B}.Debug|iPhoneSimulator.ActiveCfg = Debug|iPhoneSimulator
		{B53D30D4-14F9-4CB5-A5B3-41AEAD067B0B}.Debug|iPhoneSimulator.Build.0 = Debug|iPhoneSimulator
		{B53D30D4-14F9-4CB5-A5B3-41AEAD067B0B}.Debug|iPhoneSimulator.Deploy.0 = Debug|iPhoneSimulator
		{B53D30D4-14F9-4CB5-A5B3-41AEAD067B0B}.Release|Any CPU.ActiveCfg = Release|iPhoneSimulator
		{B53D30D4-14F9-4CB5-A5B3-41AEAD067B0B}.Release|Any CPU.Build.0 = Release|iPhoneSimulator
		{B53D30D4-14F9-4CB5-A5B3-41AEAD067B0B}.Release|Any CPU.Deploy.0 = Release|iPhoneSimulator
		{B53D30D4-14F9-4CB5-A5B3-41AEAD067B0B}.Release|iPhone.ActiveCfg = Release|iPhone
		{B53D30D4-14F9-4CB5-A5B3-41AEAD067B0B}.Release|iPhone.Build.0 = Release|iPhone
		{B53D30D4-14F9-4CB5-A5B3-41AEAD067B0B}.Release|iPhone.Deploy.0 = Release|iPhone
		{B53D30D4-14F9-4CB5-A5B3-41AEAD067B0B}.Release|iPhoneSimulator.ActiveCfg = Release|iPhoneSimulator
		{B53D30D4-14F9-4CB5-A5B3-41AEAD067B0B}.Release|iPhoneSimulator.Build.0 = Release|iPhoneSimulator
		{B53D30D4-14F9-4CB5-A5B3-41AEAD067B0B}.Release|iPhoneSimulator.Deploy.0 = Release|iPhoneSimulator
		{9F316997-55C3-48D3-BE71-042723B8E848}.Debug|Any CPU.ActiveCfg = Debug|Any CPU
		{9F316997-55C3-48D3-BE71-042723B8E848}.Debug|Any CPU.Build.0 = Debug|Any CPU
		{9F316997-55C3-48D3-BE71-042723B8E848}.Debug|Any CPU.Deploy.0 = Debug|Any CPU
		{9F316997-55C3-48D3-BE71-042723B8E848}.Debug|iPhone.ActiveCfg = Debug|Any CPU
		{9F316997-55C3-48D3-BE71-042723B8E848}.Debug|iPhone.Build.0 = Debug|Any CPU
		{9F316997-55C3-48D3-BE71-042723B8E848}.Debug|iPhone.Deploy.0 = Debug|Any CPU
		{9F316997-55C3-48D3-BE71-042723B8E848}.Debug|iPhoneSimulator.ActiveCfg = Debug|Any CPU
		{9F316997-55C3-48D3-BE71-042723B8E848}.Debug|iPhoneSimulator.Build.0 = Debug|Any CPU
		{9F316997-55C3-48D3-BE71-042723B8E848}.Debug|iPhoneSimulator.Deploy.0 = Debug|Any CPU
		{9F316997-55C3-48D3-BE71-042723B8E848}.Release|Any CPU.ActiveCfg = Release|Any CPU
		{9F316997-55C3-48D3-BE71-042723B8E848}.Release|Any CPU.Build.0 = Release|Any CPU
		{9F316997-55C3-48D3-BE71-042723B8E848}.Release|Any CPU.Deploy.0 = Release|Any CPU
		{9F316997-55C3-48D3-BE71-042723B8E848}.Release|iPhone.ActiveCfg = Release|Any CPU
		{9F316997-55C3-48D3-BE71-042723B8E848}.Release|iPhone.Build.0 = Release|Any CPU
		{9F316997-55C3-48D3-BE71-042723B8E848}.Release|iPhone.Deploy.0 = Release|Any CPU
		{9F316997-55C3-48D3-BE71-042723B8E848}.Release|iPhoneSimulator.ActiveCfg = Release|Any CPU
		{9F316997-55C3-48D3-BE71-042723B8E848}.Release|iPhoneSimulator.Build.0 = Release|Any CPU
		{9F316997-55C3-48D3-BE71-042723B8E848}.Release|iPhoneSimulator.Deploy.0 = Release|Any CPU
	EndGlobalSection
	GlobalSection(SolutionProperties) = preSolution
		HideSolutionNode = FALSE
	EndGlobalSection
	GlobalSection(ExtensibilityGlobals) = postSolution
		SolutionGuid = {63F81395-E26F-475F-8855-41252BF0150C}
	EndGlobalSection
EndGlobal
